
Microsoft Visual Studio Solution File, Format Version 12.00
# Visual Studio Version 16
VisualStudioVersion = 16.0.32002.261
MinimumVisualStudioVersion = 10.0.40219.1
Project("{FAE04EC0-301F-11D3-BF4B-00C04F79EFBC}") = "SalesWebMVC", "SalesWebMVC\SalesWebMVC.csproj", "{73FA71F8-C4DB-45E5-BBD2-98844391D557}"
EndProject
Global
	GlobalSection(SolutionConfigurationPlatforms) = preSolution
		Debug|Any CPU = Debug|Any CPU
		Release|Any CPU = Release|Any CPU
	EndGlobalSection
	GlobalSection(ProjectConfigurationPlatforms) = postSolution
		{73FA71F8-C4DB-45E5-BBD2-98844391D557}.Debug|Any CPU.ActiveCfg = Debug|Any CPU
		{73FA71F8-C4DB-45E5-BBD2-98844391D557}.Debug|Any CPU.Build.0 = Debug|Any CPU
		{73FA71F8-C4DB-45E5-BBD2-98844391D557}.Release|Any CPU.ActiveCfg = Release|Any CPU
		{73FA71F8-C4DB-45E5-BBD2-98844391D557}.Release|Any CPU.Build.0 = Release|Any CPU
	EndGlobalSection
	GlobalSection(SolutionProperties) = preSolution
		HideSolutionNode = FALSE
	EndGlobalSection
	GlobalSection(ExtensibilityGlobals) = postSolution
		SolutionGuid = {A039469A-F2E5-4840-A293-EBFD274EAE5C}
	EndGlobalSection
EndGlobal
